
Microsoft Visual Studio Solution File, Format Version 12.00
# Visual Studio 15
VisualStudioVersion = 15.0.27428.2027
MinimumVisualStudioVersion = 10.0.40219.1
Project("{FAE04EC0-301F-11D3-BF4B-00C04F79EFBC}") = "ConsoleLayer", "Project0\ConsoleLayer.csproj", "{212E30A9-6066-4BF5-9BA0-A97DE45A230D}"
EndProject
Project("{FAE04EC0-301F-11D3-BF4B-00C04F79EFBC}") = "ClassLibrary", "ClassLibraryProject0\ClassLibrary.csproj", "{461BF14D-93A0-480B-8008-EB8B824244B7}"
EndProject
Project("{FAE04EC0-301F-11D3-BF4B-00C04F79EFBC}") = "UnitTest", "UnitTestProject0\UnitTest.csproj", "{F9033C67-3C03-4B60-9E7A-6EC1FE5A83EB}"
EndProject
Project("{FAE04EC0-301F-11D3-BF4B-00C04F79EFBC}") = "DataAccessLayer", "DataAccessLayerProject0\DataAccessLayer.csproj", "{79DACFD2-9445-46A6-9A22-FB96994A10C4}"
EndProject
Project("{FAE04EC0-301F-11D3-BF4B-00C04F79EFBC}") = "WebClientLayer", "WebClientLayer\WebClientLayer.csproj", "{2333BC92-A5A7-4731-AC56-4E3311883DAF}"
EndProject
Project("{FAE04EC0-301F-11D3-BF4B-00C04F79EFBC}") = "Project1.Web", "Project1.Web\Project1.Web.csproj", "{DC6248F1-C154-4545-AADE-7EE91258BCDD}"
EndProject
Project("{FAE04EC0-301F-11D3-BF4B-00C04F79EFBC}") = "Project1.Web.Tests", "Project1.Web.Tests\Project1.Web.Tests.csproj", "{1CBB84CE-0020-4AA1-A115-BA4EE2516210}"
EndProject
Global
	GlobalSection(SolutionConfigurationPlatforms) = preSolution
		Debug|Any CPU = Debug|Any CPU
		Release|Any CPU = Release|Any CPU
	EndGlobalSection
	GlobalSection(ProjectConfigurationPlatforms) = postSolution
		{212E30A9-6066-4BF5-9BA0-A97DE45A230D}.Debug|Any CPU.ActiveCfg = Debug|Any CPU
		{212E30A9-6066-4BF5-9BA0-A97DE45A230D}.Debug|Any CPU.Build.0 = Debug|Any CPU
		{212E30A9-6066-4BF5-9BA0-A97DE45A230D}.Release|Any CPU.ActiveCfg = Release|Any CPU
		{212E30A9-6066-4BF5-9BA0-A97DE45A230D}.Release|Any CPU.Build.0 = Release|Any CPU
		{461BF14D-93A0-480B-8008-EB8B824244B7}.Debug|Any CPU.ActiveCfg = Debug|Any CPU
		{461BF14D-93A0-480B-8008-EB8B824244B7}.Debug|Any CPU.Build.0 = Debug|Any CPU
		{461BF14D-93A0-480B-8008-EB8B824244B7}.Release|Any CPU.ActiveCfg = Release|Any CPU
		{461BF14D-93A0-480B-8008-EB8B824244B7}.Release|Any CPU.Build.0 = Release|Any CPU
		{F9033C67-3C03-4B60-9E7A-6EC1FE5A83EB}.Debug|Any CPU.ActiveCfg = Debug|Any CPU
		{F9033C67-3C03-4B60-9E7A-6EC1FE5A83EB}.Debug|Any CPU.Build.0 = Debug|Any CPU
		{F9033C67-3C03-4B60-9E7A-6EC1FE5A83EB}.Release|Any CPU.ActiveCfg = Release|Any CPU
		{F9033C67-3C03-4B60-9E7A-6EC1FE5A83EB}.Release|Any CPU.Build.0 = Release|Any CPU
		{79DACFD2-9445-46A6-9A22-FB96994A10C4}.Debug|Any CPU.ActiveCfg = Debug|Any CPU
		{79DACFD2-9445-46A6-9A22-FB96994A10C4}.Debug|Any CPU.Build.0 = Debug|Any CPU
		{79DACFD2-9445-46A6-9A22-FB96994A10C4}.Release|Any CPU.ActiveCfg = Release|Any CPU
		{79DACFD2-9445-46A6-9A22-FB96994A10C4}.Release|Any CPU.Build.0 = Release|Any CPU
		{2333BC92-A5A7-4731-AC56-4E3311883DAF}.Debug|Any CPU.ActiveCfg = Debug|Any CPU
		{2333BC92-A5A7-4731-AC56-4E3311883DAF}.Debug|Any CPU.Build.0 = Debug|Any CPU
		{2333BC92-A5A7-4731-AC56-4E3311883DAF}.Release|Any CPU.ActiveCfg = Release|Any CPU
		{2333BC92-A5A7-4731-AC56-4E3311883DAF}.Release|Any CPU.Build.0 = Release|Any CPU
		{DC6248F1-C154-4545-AADE-7EE91258BCDD}.Debug|Any CPU.ActiveCfg = Debug|Any CPU
		{DC6248F1-C154-4545-AADE-7EE91258BCDD}.Debug|Any CPU.Build.0 = Debug|Any CPU
		{DC6248F1-C154-4545-AADE-7EE91258BCDD}.Release|Any CPU.ActiveCfg = Release|Any CPU
		{DC6248F1-C154-4545-AADE-7EE91258BCDD}.Release|Any CPU.Build.0 = Release|Any CPU
		{1CBB84CE-0020-4AA1-A115-BA4EE2516210}.Debug|Any CPU.ActiveCfg = Debug|Any CPU
		{1CBB84CE-0020-4AA1-A115-BA4EE2516210}.Debug|Any CPU.Build.0 = Debug|Any CPU
		{1CBB84CE-0020-4AA1-A115-BA4EE2516210}.Release|Any CPU.ActiveCfg = Release|Any CPU
		{1CBB84CE-0020-4AA1-A115-BA4EE2516210}.Release|Any CPU.Build.0 = Release|Any CPU
	EndGlobalSection
	GlobalSection(SolutionProperties) = preSolution
		HideSolutionNode = FALSE
	EndGlobalSection
	GlobalSection(ExtensibilityGlobals) = postSolution
		SolutionGuid = {D08D54C2-C409-40EE-91A3-1ECA35426965}
	EndGlobalSection
EndGlobal
