
Microsoft Visual Studio Solution File, Format Version 12.00
# Visual Studio 15
VisualStudioVersion = 15.0.27428.2027
MinimumVisualStudioVersion = 10.0.40219.1
Project("{FAE04EC0-301F-11D3-BF4B-00C04F79EFBC}") = "Week1CodeChallenge", "Week1CodeChallenge\Week1CodeChallenge.csproj", "{C25C3552-9949-4AF7-8701-D943D244E114}"
EndProject
Project("{FAE04EC0-301F-11D3-BF4B-00C04F79EFBC}") = "LibraryCodeChallenge", "LibraryCodeChallenge\LibraryCodeChallenge.csproj", "{C0E1ACBE-FB34-4A56-8B2C-783C4AB4E6EF}"
EndProject
Project("{FAE04EC0-301F-11D3-BF4B-00C04F79EFBC}") = "UnitTestCodeChallenge", "UnitTestCodeChallenge\UnitTestCodeChallenge.csproj", "{CA38D0D0-A61F-46A6-8F35-0789712884B8}"
EndProject
Global
	GlobalSection(SolutionConfigurationPlatforms) = preSolution
		Debug|Any CPU = Debug|Any CPU
		Release|Any CPU = Release|Any CPU
	EndGlobalSection
	GlobalSection(ProjectConfigurationPlatforms) = postSolution
		{C25C3552-9949-4AF7-8701-D943D244E114}.Debug|Any CPU.ActiveCfg = Debug|Any CPU
		{C25C3552-9949-4AF7-8701-D943D244E114}.Debug|Any CPU.Build.0 = Debug|Any CPU
		{C25C3552-9949-4AF7-8701-D943D244E114}.Release|Any CPU.ActiveCfg = Release|Any CPU
		{C25C3552-9949-4AF7-8701-D943D244E114}.Release|Any CPU.Build.0 = Release|Any CPU
		{C0E1ACBE-FB34-4A56-8B2C-783C4AB4E6EF}.Debug|Any CPU.ActiveCfg = Debug|Any CPU
		{C0E1ACBE-FB34-4A56-8B2C-783C4AB4E6EF}.Debug|Any CPU.Build.0 = Debug|Any CPU
		{C0E1ACBE-FB34-4A56-8B2C-783C4AB4E6EF}.Release|Any CPU.ActiveCfg = Release|Any CPU
		{C0E1ACBE-FB34-4A56-8B2C-783C4AB4E6EF}.Release|Any CPU.Build.0 = Release|Any CPU
		{CA38D0D0-A61F-46A6-8F35-0789712884B8}.Debug|Any CPU.ActiveCfg = Debug|Any CPU
		{CA38D0D0-A61F-46A6-8F35-0789712884B8}.Debug|Any CPU.Build.0 = Debug|Any CPU
		{CA38D0D0-A61F-46A6-8F35-0789712884B8}.Release|Any CPU.ActiveCfg = Release|Any CPU
		{CA38D0D0-A61F-46A6-8F35-0789712884B8}.Release|Any CPU.Build.0 = Release|Any CPU
	EndGlobalSection
	GlobalSection(SolutionProperties) = preSolution
		HideSolutionNode = FALSE
	EndGlobalSection
	GlobalSection(ExtensibilityGlobals) = postSolution
		SolutionGuid = {056DB2E0-55AC-4030-B40B-87760E33F9D5}
	EndGlobalSection
EndGlobal
